<?xml version="1.0" encoding="utf-8"?>
<Project ToolsVersion="18.0" xmlns="http://schemas.microsoft.com/developer/msbuild/2003">
  <ItemGroup>
    <CustomBuild Include="C:\Users\Frere\Source\GitRepos\ModelZoo\depth-anything-v3\native\build-cpu\CMakeFiles\65f59cd9dd4b4cb8b6a4528941cff8bf\generate.stamp.rule">
      <Filter>CMake Rules</Filter>
    </CustomBuild>
  </ItemGroup>
  <ItemGroup>
    <Filter Include="CMake Rules">
      <UniqueIdentifier>{AD4ECC33-D686-3AAC-8302-43919CB1D892}</UniqueIdentifier>
    </Filter>
  </ItemGroup>
</Project>
