<?xml version="1.0" encoding="UTF-8"?>
<Solution>
	<Configurations>
		<BuildType Name="Debug"/>
		<BuildType Name="Release"/>
		<BuildType Name="MinSizeRel"/>
		<BuildType Name="RelWithDebInfo"/>
		<Platform Name="x64"/>
	</Configurations>
	<Project Path="ALL_BUILD.vcxproj" Type="8bc9ceb8-8b4a-11d0-8d11-00a0c91bc942" Id="846085bf-064a-38ef-beeb-09d7dc3fb6a8" DefaultStartup="true">
		<BuildDependency Project="ZERO_CHECK.vcxproj"/>
		<BuildDependency Project="da3_c_abi_smoke.vcxproj"/>
		<BuildDependency Project="da3_encoder_probe.vcxproj"/>
		<BuildDependency Project="da3_full_graph_probe.vcxproj"/>
		<BuildDependency Project="da3_gpu_encoder_probe.vcxproj"/>
		<BuildDependency Project="da3_gpu_full_graph_probe.vcxproj"/>
		<BuildDependency Project="da3_model_probe.vcxproj"/>
		<BuildDependency Project="depth_anything_3_native.vcxproj"/>
		<Build Solution="Debug|*" Project="false"/>
		<Build Solution="Release|*" Project="false"/>
		<Build Solution="MinSizeRel|*" Project="false"/>
		<Build Solution="RelWithDebInfo|*" Project="false"/>
	</Project>
	<Project Path="Continuous.vcxproj" Type="8bc9ceb8-8b4a-11d0-8d11-00a0c91bc942" Id="fa5c38e2-0e9b-35cf-a24f-f5feefd0d978">
		<BuildDependency Project="ZERO_CHECK.vcxproj"/>
		<Build Solution="Debug|*" Project="false"/>
		<Build Solution="Release|*" Project="false"/>
		<Build Solution="MinSizeRel|*" Project="false"/>
		<Build Solution="RelWithDebInfo|*" Project="false"/>
	</Project>
	<Project Path="Experimental.vcxproj" Type="8bc9ceb8-8b4a-11d0-8d11-00a0c91bc942" Id="ebb2ee85-8920-3391-b5d5-d50d3d816866">
		<BuildDependency Project="ZERO_CHECK.vcxproj"/>
		<Build Solution="Debug|*" Project="false"/>
		<Build Solution="Release|*" Project="false"/>
		<Build Solution="MinSizeRel|*" Project="false"/>
		<Build Solution="RelWithDebInfo|*" Project="false"/>
	</Project>
	<Project Path="Nightly.vcxproj" Type="8bc9ceb8-8b4a-11d0-8d11-00a0c91bc942" Id="34519964-961d-3210-9629-a73790e35f4b">
		<BuildDependency Project="ZERO_CHECK.vcxproj"/>
		<Build Solution="Debug|*" Project="false"/>
		<Build Solution="Release|*" Project="false"/>
		<Build Solution="MinSizeRel|*" Project="false"/>
		<Build Solution="RelWithDebInfo|*" Project="false"/>
	</Project>
	<Project Path="NightlyMemoryCheck.vcxproj" Type="8bc9ceb8-8b4a-11d0-8d11-00a0c91bc942" Id="53a74488-f46c-36a0-9e5d-d85f3baaac84">
		<BuildDependency Project="ZERO_CHECK.vcxproj"/>
		<Build Solution="Debug|*" Project="false"/>
		<Build Solution="Release|*" Project="false"/>
		<Build Solution="MinSizeRel|*" Project="false"/>
		<Build Solution="RelWithDebInfo|*" Project="false"/>
	</Project>
	<Project Path="RUN_TESTS.vcxproj" Type="8bc9ceb8-8b4a-11d0-8d11-00a0c91bc942" Id="3d0b4fe3-9936-31b9-b448-ae754486871d">
		<BuildDependency Project="ZERO_CHECK.vcxproj"/>
		<Build Solution="Debug|*" Project="false"/>
		<Build Solution="Release|*" Project="false"/>
		<Build Solution="MinSizeRel|*" Project="false"/>
		<Build Solution="RelWithDebInfo|*" Project="false"/>
	</Project>
	<Project Path="ZERO_CHECK.vcxproj" Type="8bc9ceb8-8b4a-11d0-8d11-00a0c91bc942" Id="cfed3f82-fce5-3460-bc86-8cdae4a56e44"/>
	<Project Path="da3_c_abi_smoke.vcxproj" Type="8bc9ceb8-8b4a-11d0-8d11-00a0c91bc942" Id="8ae062aa-7aaf-3dff-bcbb-a4d63e5c9f30">
		<BuildDependency Project="ZERO_CHECK.vcxproj"/>
		<BuildDependency Project="depth_anything_3_native.vcxproj"/>
	</Project>
	<Project Path="da3_encoder_probe.vcxproj" Type="8bc9ceb8-8b4a-11d0-8d11-00a0c91bc942" Id="6fcaa26c-36dc-3011-be97-4e85dbe975a9">
		<BuildDependency Project="ZERO_CHECK.vcxproj"/>
	</Project>
	<Project Path="da3_full_graph_probe.vcxproj" Type="8bc9ceb8-8b4a-11d0-8d11-00a0c91bc942" Id="b718776a-d540-3109-92dd-7e706720030c">
		<BuildDependency Project="ZERO_CHECK.vcxproj"/>
		<BuildDependency Project="depth_anything_3_native.vcxproj"/>
	</Project>
	<Project Path="da3_gpu_encoder_probe.vcxproj" Type="8bc9ceb8-8b4a-11d0-8d11-00a0c91bc942" Id="63d5a808-f619-3c1d-bb55-5efbc82cfee2">
		<BuildDependency Project="ZERO_CHECK.vcxproj"/>
	</Project>
	<Project Path="da3_gpu_full_graph_probe.vcxproj" Type="8bc9ceb8-8b4a-11d0-8d11-00a0c91bc942" Id="e5d43cd8-ff7c-38ee-9925-08f51902fb46">
		<BuildDependency Project="ZERO_CHECK.vcxproj"/>
		<BuildDependency Project="depth_anything_3_native.vcxproj"/>
	</Project>
	<Project Path="da3_model_probe.vcxproj" Type="8bc9ceb8-8b4a-11d0-8d11-00a0c91bc942" Id="5c33bcdc-d774-338b-86f2-40eb035c4afa">
		<BuildDependency Project="ZERO_CHECK.vcxproj"/>
	</Project>
	<Project Path="depth_anything_3_native.vcxproj" Type="8bc9ceb8-8b4a-11d0-8d11-00a0c91bc942" Id="ec8d0818-e952-37f0-8f0e-ebb6d7d49185">
		<BuildDependency Project="ZERO_CHECK.vcxproj"/>
	</Project>
</Solution>
